
Microsoft Visual Studio Solution File, Format Version 12.00
# Visual Studio Version 16
VisualStudioVersion = 16.0.30320.27
MinimumVisualStudioVersion = 10.0.40219.1
Project("{9A19103F-16F7-4668-BE54-9A1E7A4F7556}") = "TodoDataAccess", "TodoDataAccess\TodoDataAccess.csproj", "{179EC607-B8A8-46EF-888C-EC2915C93377}"
EndProject
Project("{9A19103F-16F7-4668-BE54-9A1E7A4F7556}") = "TodoList", "TodoList\TodoList.csproj", "{11693DF7-3DC6-4A3D-832E-CDCEA75F4D74}"
EndProject
Project("{FAE04EC0-301F-11D3-BF4B-00C04F79EFBC}") = "TodoListApi", "TodoListApi\TodoListApi.csproj", "{1FDE1182-310E-40D9-AF87-160F92F7C7FD}"
EndProject
Global
	GlobalSection(SolutionConfigurationPlatforms) = preSolution
		Debug|Any CPU = Debug|Any CPU
		Release|Any CPU = Release|Any CPU
	EndGlobalSection
	GlobalSection(ProjectConfigurationPlatforms) = postSolution
		{179EC607-B8A8-46EF-888C-EC2915C93377}.Debug|Any CPU.ActiveCfg = Debug|Any CPU
		{179EC607-B8A8-46EF-888C-EC2915C93377}.Debug|Any CPU.Build.0 = Debug|Any CPU
		{179EC607-B8A8-46EF-888C-EC2915C93377}.Release|Any CPU.ActiveCfg = Release|Any CPU
		{179EC607-B8A8-46EF-888C-EC2915C93377}.Release|Any CPU.Build.0 = Release|Any CPU
		{11693DF7-3DC6-4A3D-832E-CDCEA75F4D74}.Debug|Any CPU.ActiveCfg = Debug|Any CPU
		{11693DF7-3DC6-4A3D-832E-CDCEA75F4D74}.Debug|Any CPU.Build.0 = Debug|Any CPU
		{11693DF7-3DC6-4A3D-832E-CDCEA75F4D74}.Release|Any CPU.ActiveCfg = Release|Any CPU
		{11693DF7-3DC6-4A3D-832E-CDCEA75F4D74}.Release|Any CPU.Build.0 = Release|Any CPU
		{1FDE1182-310E-40D9-AF87-160F92F7C7FD}.Debug|Any CPU.ActiveCfg = Debug|Any CPU
		{1FDE1182-310E-40D9-AF87-160F92F7C7FD}.Debug|Any CPU.Build.0 = Debug|Any CPU
		{1FDE1182-310E-40D9-AF87-160F92F7C7FD}.Release|Any CPU.ActiveCfg = Release|Any CPU
		{1FDE1182-310E-40D9-AF87-160F92F7C7FD}.Release|Any CPU.Build.0 = Release|Any CPU
	EndGlobalSection
	GlobalSection(SolutionProperties) = preSolution
		HideSolutionNode = FALSE
	EndGlobalSection
	GlobalSection(ExtensibilityGlobals) = postSolution
		SolutionGuid = {C8B43543-2469-4CC7-BFED-D35522C82CE6}
	EndGlobalSection
EndGlobal
